
Microsoft Visual Studio Solution File, Format Version 12.00
# Visual Studio 15
VisualStudioVersion = 15.0.28307.1300
MinimumVisualStudioVersion = 10.0.40219.1
Project("{FAE04EC0-301F-11D3-BF4B-00C04F79EFBC}") = "Solutions", "ProblemSolving\Solutions.csproj", "{ECA99027-3AFE-4D13-833D-EFEE2B0D7193}"
EndProject
Project("{FAE04EC0-301F-11D3-BF4B-00C04F79EFBC}") = "Tests", "Tests\Tests.csproj", "{857769BE-E0FC-4A64-99B1-2DD2757BBEEE}"
EndProject
Global
	GlobalSection(SolutionConfigurationPlatforms) = preSolution
		Debug|Any CPU = Debug|Any CPU
		Release|Any CPU = Release|Any CPU
	EndGlobalSection
	GlobalSection(ProjectConfigurationPlatforms) = postSolution
		{ECA99027-3AFE-4D13-833D-EFEE2B0D7193}.Debug|Any CPU.ActiveCfg = Debug|Any CPU
		{ECA99027-3AFE-4D13-833D-EFEE2B0D7193}.Debug|Any CPU.Build.0 = Debug|Any CPU
		{ECA99027-3AFE-4D13-833D-EFEE2B0D7193}.Release|Any CPU.ActiveCfg = Release|Any CPU
		{ECA99027-3AFE-4D13-833D-EFEE2B0D7193}.Release|Any CPU.Build.0 = Release|Any CPU
		{857769BE-E0FC-4A64-99B1-2DD2757BBEEE}.Debug|Any CPU.ActiveCfg = Debug|Any CPU
		{857769BE-E0FC-4A64-99B1-2DD2757BBEEE}.Debug|Any CPU.Build.0 = Debug|Any CPU
		{857769BE-E0FC-4A64-99B1-2DD2757BBEEE}.Release|Any CPU.ActiveCfg = Release|Any CPU
		{857769BE-E0FC-4A64-99B1-2DD2757BBEEE}.Release|Any CPU.Build.0 = Release|Any CPU
	EndGlobalSection
	GlobalSection(SolutionProperties) = preSolution
		HideSolutionNode = FALSE
	EndGlobalSection
	GlobalSection(ExtensibilityGlobals) = postSolution
		SolutionGuid = {EA90CD2E-F405-47FF-8E8C-0070210A09E5}
	EndGlobalSection
EndGlobal
